
Microsoft Visual Studio Solution File, Format Version 12.00
# Visual Studio Version 17
VisualStudioVersion = 17.2.32616.157
MinimumVisualStudioVersion = 10.0.40219.1
Project("{9A19103F-16F7-4668-BE54-9A1E7A4F7556}") = "ManejoPresupuesto", "ManejoPresupuesto\ManejoPresupuesto.csproj", "{42CB67DC-E55C-48CC-9295-4FCB7098BFF3}"
EndProject
Global
	GlobalSection(SolutionConfigurationPlatforms) = preSolution
		Debug|Any CPU = Debug|Any CPU
		Release|Any CPU = Release|Any CPU
	EndGlobalSection
	GlobalSection(ProjectConfigurationPlatforms) = postSolution
		{42CB67DC-E55C-48CC-9295-4FCB7098BFF3}.Debug|Any CPU.ActiveCfg = Debug|Any CPU
		{42CB67DC-E55C-48CC-9295-4FCB7098BFF3}.Debug|Any CPU.Build.0 = Debug|Any CPU
		{42CB67DC-E55C-48CC-9295-4FCB7098BFF3}.Release|Any CPU.ActiveCfg = Release|Any CPU
		{42CB67DC-E55C-48CC-9295-4FCB7098BFF3}.Release|Any CPU.Build.0 = Release|Any CPU
	EndGlobalSection
	GlobalSection(SolutionProperties) = preSolution
		HideSolutionNode = FALSE
	EndGlobalSection
	GlobalSection(ExtensibilityGlobals) = postSolution
		SolutionGuid = {BC8B5142-BA04-4A36-B74C-AC2DEF269634}
	EndGlobalSection
EndGlobal
